
Microsoft Visual Studio Solution File, Format Version 12.00
# Visual Studio Version 17
VisualStudioVersion = 17.10.35027.167
MinimumVisualStudioVersion = 10.0.40219.1
Project("{FAE04EC0-301F-11D3-BF4B-00C04F79EFBC}") = "Clases", "Clases\Clases.csproj", "{D3E14082-8BD9-42F7-9E73-C3D277E10EAD}"
EndProject
Project("{FAE04EC0-301F-11D3-BF4B-00C04F79EFBC}") = "Main", "Main\Main.csproj", "{F65A9F23-EF5D-43F0-9E42-D423B0890690}"
EndProject
Global
	GlobalSection(SolutionConfigurationPlatforms) = preSolution
		Debug|Any CPU = Debug|Any CPU
		Release|Any CPU = Release|Any CPU
	EndGlobalSection
	GlobalSection(ProjectConfigurationPlatforms) = postSolution
		{D3E14082-8BD9-42F7-9E73-C3D277E10EAD}.Debug|Any CPU.ActiveCfg = Debug|Any CPU
		{D3E14082-8BD9-42F7-9E73-C3D277E10EAD}.Debug|Any CPU.Build.0 = Debug|Any CPU
		{D3E14082-8BD9-42F7-9E73-C3D277E10EAD}.Release|Any CPU.ActiveCfg = Release|Any CPU
		{D3E14082-8BD9-42F7-9E73-C3D277E10EAD}.Release|Any CPU.Build.0 = Release|Any CPU
		{F65A9F23-EF5D-43F0-9E42-D423B0890690}.Debug|Any CPU.ActiveCfg = Debug|Any CPU
		{F65A9F23-EF5D-43F0-9E42-D423B0890690}.Debug|Any CPU.Build.0 = Debug|Any CPU
		{F65A9F23-EF5D-43F0-9E42-D423B0890690}.Release|Any CPU.ActiveCfg = Release|Any CPU
		{F65A9F23-EF5D-43F0-9E42-D423B0890690}.Release|Any CPU.Build.0 = Release|Any CPU
	EndGlobalSection
	GlobalSection(SolutionProperties) = preSolution
		HideSolutionNode = FALSE
	EndGlobalSection
	GlobalSection(ExtensibilityGlobals) = postSolution
		SolutionGuid = {65ED708E-8357-4AD7-B51B-D47BCE2A9AE1}
	EndGlobalSection
EndGlobal
